
Microsoft Visual Studio Solution File, Format Version 12.00
# Visual Studio Version 17
VisualStudioVersion = 17.7.34202.233
MinimumVisualStudioVersion = 10.0.40219.1
Project("{2150E333-8FDC-42A3-9474-1A3956D46DE8}") = "Services", "Services", "{926A1568-EF32-4AF8-BAB5-C471209CD3CD}"
EndProject
Project("{2150E333-8FDC-42A3-9474-1A3956D46DE8}") = "Catalog", "Catalog", "{27DBC966-6A9D-47B0-880D-F60E324FD60A}"
EndProject
Project("{9A19103F-16F7-4668-BE54-9A1E7A4F7556}") = "FreeCourse.Services.Catalog", "Services\Catalog\FreeCourse.Services.Catalog\FreeCourse.Services.Catalog.csproj", "{DBDF25E8-2DDF-4870-BE6F-4DDC9AD46A9F}"
EndProject
Project("{2150E333-8FDC-42A3-9474-1A3956D46DE8}") = "Solution Items", "Solution Items", "{C8017328-4470-4860-8858-DC3507F849F8}"
	ProjectSection(SolutionItems) = preProject
		Ports = Ports
	EndProjectSection
EndProject
Project("{2150E333-8FDC-42A3-9474-1A3956D46DE8}") = "Shared", "Shared", "{3BDB7710-8084-4569-8E1E-A421D7EA6605}"
EndProject
Project("{9A19103F-16F7-4668-BE54-9A1E7A4F7556}") = "FreeCourse.Shared", "Shared\FreeCourse.Shared\FreeCourse.Shared.csproj", "{76FD3D3B-4641-4495-A999-572EF64660D5}"
EndProject
Project("{2150E333-8FDC-42A3-9474-1A3956D46DE8}") = "IdentitiyServer", "IdentitiyServer", "{8F0D7C43-9D0B-4915-8FA3-DC81AACD8E70}"
EndProject
Project("{9A19103F-16F7-4668-BE54-9A1E7A4F7556}") = "FreeCourse.IdentityServer", "IdentityServer\FreeCourse.IdentityServer\FreeCourse.IdentityServer.csproj", "{4D85691A-96E1-443F-AC30-2D8FF1942827}"
EndProject
Project("{2150E333-8FDC-42A3-9474-1A3956D46DE8}") = "PhotoStcok", "PhotoStcok", "{15A9E4DF-6CF2-4335-A5E1-DA9411B0F321}"
EndProject
Project("{9A19103F-16F7-4668-BE54-9A1E7A4F7556}") = "FreeCourse.Services.PhotoStock", "Services\PhotoStock\FreeCourse.Services.PhotoStock\FreeCourse.Services.PhotoStock.csproj", "{916D1026-92BE-4AB4-A3F3-13DC2A5EFBC0}"
EndProject
Project("{2150E333-8FDC-42A3-9474-1A3956D46DE8}") = "Basket", "Basket", "{03400E77-A3A3-4661-B75C-9960E73F433B}"
EndProject
Project("{9A19103F-16F7-4668-BE54-9A1E7A4F7556}") = "FreeCourse.Services.Basket", "Services\Basket\FreeCourse.Services.Basket\FreeCourse.Services.Basket.csproj", "{B778C633-E768-445A-8535-960C74D0336B}"
EndProject
Project("{2150E333-8FDC-42A3-9474-1A3956D46DE8}") = "Discount", "Discount", "{462620F8-86DB-49BA-872D-D91F368DC11C}"
EndProject
Project("{9A19103F-16F7-4668-BE54-9A1E7A4F7556}") = "FreeCourse.Services.Discount", "Services\Discount\FreeCourse.Services.Discount\FreeCourse.Services.Discount.csproj", "{F84ED704-AA85-4DA8-9593-95234229B0C1}"
EndProject
Project("{2150E333-8FDC-42A3-9474-1A3956D46DE8}") = "Order", "Order", "{A4DE232A-EB90-4BA6-904C-7E6BC90FCFE9}"
EndProject
Project("{9A19103F-16F7-4668-BE54-9A1E7A4F7556}") = "FreeCourse.Services.Order.API", "Services\Order\FreeCourse.Services.Order.API\FreeCourse.Services.Order.API.csproj", "{D14A5AB4-40D6-4EB4-9D2B-FCA09122F6A2}"
EndProject
Project("{9A19103F-16F7-4668-BE54-9A1E7A4F7556}") = "FreeCourse.Services.Order.Application", "Services\Order\FreeCourse.Services.Order.Application\FreeCourse.Services.Order.Application.csproj", "{DBC9EE10-965A-4CD8-9C43-A76FACFB478D}"
EndProject
Project("{9A19103F-16F7-4668-BE54-9A1E7A4F7556}") = "FreeCourse.Services.Order.Domain", "Services\Order\FreeCourse.Services.Order.Domain\FreeCourse.Services.Order.Domain.csproj", "{3B71AC38-9CB1-45F4-9494-299C3EA00E7B}"
EndProject
Project("{9A19103F-16F7-4668-BE54-9A1E7A4F7556}") = "FreeCourse.Services.Order.Domain.Core", "Services\Order\FreeCourse.Services.Order.Domain.Core\FreeCourse.Services.Order.Domain.Core.csproj", "{3CF2FB04-7C01-41DC-BDCC-100B119F4A3D}"
EndProject
Project("{9A19103F-16F7-4668-BE54-9A1E7A4F7556}") = "FreeCourse.Services.Order.Infrastructure", "Services\Order\FreeCourse.Services.Order.Infrastructure\FreeCourse.Services.Order.Infrastructure.csproj", "{E2CFEE96-37D0-4F98-8D8D-F4924EC7FB51}"
EndProject
Project("{2150E333-8FDC-42A3-9474-1A3956D46DE8}") = "FakePayment", "FakePayment", "{362D0F94-4B5E-40FA-B5A0-CDC1020C9867}"
EndProject
Project("{FAE04EC0-301F-11D3-BF4B-00C04F79EFBC}") = "FreeCourse.Services.FakePayment", "Services\FakePayment\FreeCourse.Services.FakePayment\FreeCourse.Services.FakePayment.csproj", "{9203761B-D214-4356-AEB9-A49036A6768A}"
EndProject
Global
	GlobalSection(SolutionConfigurationPlatforms) = preSolution
		Debug|Any CPU = Debug|Any CPU
		Release|Any CPU = Release|Any CPU
	EndGlobalSection
	GlobalSection(ProjectConfigurationPlatforms) = postSolution
		{DBDF25E8-2DDF-4870-BE6F-4DDC9AD46A9F}.Debug|Any CPU.ActiveCfg = Debug|Any CPU
		{DBDF25E8-2DDF-4870-BE6F-4DDC9AD46A9F}.Debug|Any CPU.Build.0 = Debug|Any CPU
		{DBDF25E8-2DDF-4870-BE6F-4DDC9AD46A9F}.Release|Any CPU.ActiveCfg = Release|Any CPU
		{DBDF25E8-2DDF-4870-BE6F-4DDC9AD46A9F}.Release|Any CPU.Build.0 = Release|Any CPU
		{76FD3D3B-4641-4495-A999-572EF64660D5}.Debug|Any CPU.ActiveCfg = Debug|Any CPU
		{76FD3D3B-4641-4495-A999-572EF64660D5}.Debug|Any CPU.Build.0 = Debug|Any CPU
		{76FD3D3B-4641-4495-A999-572EF64660D5}.Release|Any CPU.ActiveCfg = Release|Any CPU
		{76FD3D3B-4641-4495-A999-572EF64660D5}.Release|Any CPU.Build.0 = Release|Any CPU
		{4D85691A-96E1-443F-AC30-2D8FF1942827}.Debug|Any CPU.ActiveCfg = Debug|Any CPU
		{4D85691A-96E1-443F-AC30-2D8FF1942827}.Debug|Any CPU.Build.0 = Debug|Any CPU
		{4D85691A-96E1-443F-AC30-2D8FF1942827}.Release|Any CPU.ActiveCfg = Release|Any CPU
		{4D85691A-96E1-443F-AC30-2D8FF1942827}.Release|Any CPU.Build.0 = Release|Any CPU
		{916D1026-92BE-4AB4-A3F3-13DC2A5EFBC0}.Debug|Any CPU.ActiveCfg = Debug|Any CPU
		{916D1026-92BE-4AB4-A3F3-13DC2A5EFBC0}.Debug|Any CPU.Build.0 = Debug|Any CPU
		{916D1026-92BE-4AB4-A3F3-13DC2A5EFBC0}.Release|Any CPU.ActiveCfg = Release|Any CPU
		{916D1026-92BE-4AB4-A3F3-13DC2A5EFBC0}.Release|Any CPU.Build.0 = Release|Any CPU
		{B778C633-E768-445A-8535-960C74D0336B}.Debug|Any CPU.ActiveCfg = Debug|Any CPU
		{B778C633-E768-445A-8535-960C74D0336B}.Debug|Any CPU.Build.0 = Debug|Any CPU
		{B778C633-E768-445A-8535-960C74D0336B}.Release|Any CPU.ActiveCfg = Release|Any CPU
		{B778C633-E768-445A-8535-960C74D0336B}.Release|Any CPU.Build.0 = Release|Any CPU
		{F84ED704-AA85-4DA8-9593-95234229B0C1}.Debug|Any CPU.ActiveCfg = Debug|Any CPU
		{F84ED704-AA85-4DA8-9593-95234229B0C1}.Debug|Any CPU.Build.0 = Debug|Any CPU
		{F84ED704-AA85-4DA8-9593-95234229B0C1}.Release|Any CPU.ActiveCfg = Release|Any CPU
		{F84ED704-AA85-4DA8-9593-95234229B0C1}.Release|Any CPU.Build.0 = Release|Any CPU
		{D14A5AB4-40D6-4EB4-9D2B-FCA09122F6A2}.Debug|Any CPU.ActiveCfg = Debug|Any CPU
		{D14A5AB4-40D6-4EB4-9D2B-FCA09122F6A2}.Debug|Any CPU.Build.0 = Debug|Any CPU
		{D14A5AB4-40D6-4EB4-9D2B-FCA09122F6A2}.Release|Any CPU.ActiveCfg = Release|Any CPU
		{D14A5AB4-40D6-4EB4-9D2B-FCA09122F6A2}.Release|Any CPU.Build.0 = Release|Any CPU
		{DBC9EE10-965A-4CD8-9C43-A76FACFB478D}.Debug|Any CPU.ActiveCfg = Debug|Any CPU
		{DBC9EE10-965A-4CD8-9C43-A76FACFB478D}.Debug|Any CPU.Build.0 = Debug|Any CPU
		{DBC9EE10-965A-4CD8-9C43-A76FACFB478D}.Release|Any CPU.ActiveCfg = Release|Any CPU
		{DBC9EE10-965A-4CD8-9C43-A76FACFB478D}.Release|Any CPU.Build.0 = Release|Any CPU
		{3B71AC38-9CB1-45F4-9494-299C3EA00E7B}.Debug|Any CPU.ActiveCfg = Debug|Any CPU
		{3B71AC38-9CB1-45F4-9494-299C3EA00E7B}.Debug|Any CPU.Build.0 = Debug|Any CPU
		{3B71AC38-9CB1-45F4-9494-299C3EA00E7B}.Release|Any CPU.ActiveCfg = Release|Any CPU
		{3B71AC38-9CB1-45F4-9494-299C3EA00E7B}.Release|Any CPU.Build.0 = Release|Any CPU
		{3CF2FB04-7C01-41DC-BDCC-100B119F4A3D}.Debug|Any CPU.ActiveCfg = Debug|Any CPU
		{3CF2FB04-7C01-41DC-BDCC-100B119F4A3D}.Debug|Any CPU.Build.0 = Debug|Any CPU
		{3CF2FB04-7C01-41DC-BDCC-100B119F4A3D}.Release|Any CPU.ActiveCfg = Release|Any CPU
		{3CF2FB04-7C01-41DC-BDCC-100B119F4A3D}.Release|Any CPU.Build.0 = Release|Any CPU
		{E2CFEE96-37D0-4F98-8D8D-F4924EC7FB51}.Debug|Any CPU.ActiveCfg = Debug|Any CPU
		{E2CFEE96-37D0-4F98-8D8D-F4924EC7FB51}.Debug|Any CPU.Build.0 = Debug|Any CPU
		{E2CFEE96-37D0-4F98-8D8D-F4924EC7FB51}.Release|Any CPU.ActiveCfg = Release|Any CPU
		{E2CFEE96-37D0-4F98-8D8D-F4924EC7FB51}.Release|Any CPU.Build.0 = Release|Any CPU
		{9203761B-D214-4356-AEB9-A49036A6768A}.Debug|Any CPU.ActiveCfg = Debug|Any CPU
		{9203761B-D214-4356-AEB9-A49036A6768A}.Debug|Any CPU.Build.0 = Debug|Any CPU
		{9203761B-D214-4356-AEB9-A49036A6768A}.Release|Any CPU.ActiveCfg = Release|Any CPU
		{9203761B-D214-4356-AEB9-A49036A6768A}.Release|Any CPU.Build.0 = Release|Any CPU
	EndGlobalSection
	GlobalSection(SolutionProperties) = preSolution
		HideSolutionNode = FALSE
	EndGlobalSection
	GlobalSection(NestedProjects) = preSolution
		{27DBC966-6A9D-47B0-880D-F60E324FD60A} = {926A1568-EF32-4AF8-BAB5-C471209CD3CD}
		{DBDF25E8-2DDF-4870-BE6F-4DDC9AD46A9F} = {27DBC966-6A9D-47B0-880D-F60E324FD60A}
		{76FD3D3B-4641-4495-A999-572EF64660D5} = {3BDB7710-8084-4569-8E1E-A421D7EA6605}
		{4D85691A-96E1-443F-AC30-2D8FF1942827} = {8F0D7C43-9D0B-4915-8FA3-DC81AACD8E70}
		{15A9E4DF-6CF2-4335-A5E1-DA9411B0F321} = {926A1568-EF32-4AF8-BAB5-C471209CD3CD}
		{916D1026-92BE-4AB4-A3F3-13DC2A5EFBC0} = {15A9E4DF-6CF2-4335-A5E1-DA9411B0F321}
		{03400E77-A3A3-4661-B75C-9960E73F433B} = {926A1568-EF32-4AF8-BAB5-C471209CD3CD}
		{B778C633-E768-445A-8535-960C74D0336B} = {03400E77-A3A3-4661-B75C-9960E73F433B}
		{462620F8-86DB-49BA-872D-D91F368DC11C} = {926A1568-EF32-4AF8-BAB5-C471209CD3CD}
		{F84ED704-AA85-4DA8-9593-95234229B0C1} = {462620F8-86DB-49BA-872D-D91F368DC11C}
		{A4DE232A-EB90-4BA6-904C-7E6BC90FCFE9} = {926A1568-EF32-4AF8-BAB5-C471209CD3CD}
		{D14A5AB4-40D6-4EB4-9D2B-FCA09122F6A2} = {A4DE232A-EB90-4BA6-904C-7E6BC90FCFE9}
		{DBC9EE10-965A-4CD8-9C43-A76FACFB478D} = {A4DE232A-EB90-4BA6-904C-7E6BC90FCFE9}
		{3B71AC38-9CB1-45F4-9494-299C3EA00E7B} = {A4DE232A-EB90-4BA6-904C-7E6BC90FCFE9}
		{3CF2FB04-7C01-41DC-BDCC-100B119F4A3D} = {A4DE232A-EB90-4BA6-904C-7E6BC90FCFE9}
		{E2CFEE96-37D0-4F98-8D8D-F4924EC7FB51} = {A4DE232A-EB90-4BA6-904C-7E6BC90FCFE9}
		{362D0F94-4B5E-40FA-B5A0-CDC1020C9867} = {926A1568-EF32-4AF8-BAB5-C471209CD3CD}
		{9203761B-D214-4356-AEB9-A49036A6768A} = {362D0F94-4B5E-40FA-B5A0-CDC1020C9867}
	EndGlobalSection
	GlobalSection(ExtensibilityGlobals) = postSolution
		SolutionGuid = {2275708A-12AD-4522-9A38-1E8A73D45EB3}
	EndGlobalSection
EndGlobal
